
Microsoft Visual Studio Solution File, Format Version 12.00
# Visual Studio 15
VisualStudioVersion = 15.0.28010.2026
MinimumVisualStudioVersion = 10.0.40219.1
Project("{FAE04EC0-301F-11D3-BF4B-00C04F79EFBC}") = "PromotionPriceTest", "PromotionPriceTest\PromotionPriceTest.csproj", "{82C9F2F0-683A-4057-B936-C1B95AF7C15C}"
EndProject
Global
	GlobalSection(SolutionConfigurationPlatforms) = preSolution
		Debug|Any CPU = Debug|Any CPU
		Release|Any CPU = Release|Any CPU
	EndGlobalSection
	GlobalSection(ProjectConfigurationPlatforms) = postSolution
		{82C9F2F0-683A-4057-B936-C1B95AF7C15C}.Debug|Any CPU.ActiveCfg = Debug|Any CPU
		{82C9F2F0-683A-4057-B936-C1B95AF7C15C}.Debug|Any CPU.Build.0 = Debug|Any CPU
		{82C9F2F0-683A-4057-B936-C1B95AF7C15C}.Release|Any CPU.ActiveCfg = Release|Any CPU
		{82C9F2F0-683A-4057-B936-C1B95AF7C15C}.Release|Any CPU.Build.0 = Release|Any CPU
	EndGlobalSection
	GlobalSection(SolutionProperties) = preSolution
		HideSolutionNode = FALSE
	EndGlobalSection
	GlobalSection(ExtensibilityGlobals) = postSolution
		SolutionGuid = {467CADDA-DAF8-429B-8B11-3FC13F8D9E7A}
	EndGlobalSection
EndGlobal
